
Microsoft Visual Studio Solution File, Format Version 12.00
# Visual Studio Version 17
VisualStudioVersion = 17.11.35222.181
MinimumVisualStudioVersion = 10.0.40219.1
Project("{FAE04EC0-301F-11D3-BF4B-00C04F79EFBC}") = "Ejercicio 2 Arreglos", "Ejercicio 2 Arreglos\Ejercicio 2 Arreglos.csproj", "{BD01E461-798D-43C1-A870-76A30B816879}"
EndProject
Global
	GlobalSection(SolutionConfigurationPlatforms) = preSolution
		Debug|Any CPU = Debug|Any CPU
		Release|Any CPU = Release|Any CPU
	EndGlobalSection
	GlobalSection(ProjectConfigurationPlatforms) = postSolution
		{BD01E461-798D-43C1-A870-76A30B816879}.Debug|Any CPU.ActiveCfg = Debug|Any CPU
		{BD01E461-798D-43C1-A870-76A30B816879}.Debug|Any CPU.Build.0 = Debug|Any CPU
		{BD01E461-798D-43C1-A870-76A30B816879}.Release|Any CPU.ActiveCfg = Release|Any CPU
		{BD01E461-798D-43C1-A870-76A30B816879}.Release|Any CPU.Build.0 = Release|Any CPU
	EndGlobalSection
	GlobalSection(SolutionProperties) = preSolution
		HideSolutionNode = FALSE
	EndGlobalSection
	GlobalSection(ExtensibilityGlobals) = postSolution
		SolutionGuid = {A29536D4-A042-44DF-8569-B44329009CB3}
	EndGlobalSection
EndGlobal
